
Microsoft Visual Studio Solution File, Format Version 12.00
# Visual Studio Version 17
VisualStudioVersion = 17.3.32811.315
MinimumVisualStudioVersion = 10.0.40219.1
Project("{2150E333-8FDC-42A3-9474-1A3956D46DE8}") = "src", "src", "{8A012DAB-CDFC-4E8A-8C06-30B46F603A63}"
EndProject
Project("{2150E333-8FDC-42A3-9474-1A3956D46DE8}") = "tests", "tests", "{A98E3CC2-DBFD-4817-A4BD-9E99D19EC337}"
EndProject
Project("{9A19103F-16F7-4668-BE54-9A1E7A4F7556}") = "Application", "src\Application\Application.csproj", "{763079E7-5D9F-414B-840B-EA32A643A574}"
EndProject
Project("{9A19103F-16F7-4668-BE54-9A1E7A4F7556}") = "UnitTests", "tests\UnitTests\UnitTests.csproj", "{990F18F3-3813-4AD6-AB75-311AB3352C4A}"
EndProject
Project("{FAE04EC0-301F-11D3-BF4B-00C04F79EFBC}") = "SpecFlowTests", "tests\SpecFlowTests\SpecFlowTests.csproj", "{C8C93EFF-2E9D-4041-AEC2-B0DD23DFD6A5}"
EndProject
Global
	GlobalSection(SolutionConfigurationPlatforms) = preSolution
		Debug|Any CPU = Debug|Any CPU
		Release|Any CPU = Release|Any CPU
	EndGlobalSection
	GlobalSection(ProjectConfigurationPlatforms) = postSolution
		{763079E7-5D9F-414B-840B-EA32A643A574}.Debug|Any CPU.ActiveCfg = Debug|Any CPU
		{763079E7-5D9F-414B-840B-EA32A643A574}.Debug|Any CPU.Build.0 = Debug|Any CPU
		{763079E7-5D9F-414B-840B-EA32A643A574}.Release|Any CPU.ActiveCfg = Release|Any CPU
		{763079E7-5D9F-414B-840B-EA32A643A574}.Release|Any CPU.Build.0 = Release|Any CPU
		{990F18F3-3813-4AD6-AB75-311AB3352C4A}.Debug|Any CPU.ActiveCfg = Debug|Any CPU
		{990F18F3-3813-4AD6-AB75-311AB3352C4A}.Debug|Any CPU.Build.0 = Debug|Any CPU
		{990F18F3-3813-4AD6-AB75-311AB3352C4A}.Release|Any CPU.ActiveCfg = Release|Any CPU
		{990F18F3-3813-4AD6-AB75-311AB3352C4A}.Release|Any CPU.Build.0 = Release|Any CPU
		{C8C93EFF-2E9D-4041-AEC2-B0DD23DFD6A5}.Debug|Any CPU.ActiveCfg = Debug|Any CPU
		{C8C93EFF-2E9D-4041-AEC2-B0DD23DFD6A5}.Debug|Any CPU.Build.0 = Debug|Any CPU
		{C8C93EFF-2E9D-4041-AEC2-B0DD23DFD6A5}.Release|Any CPU.ActiveCfg = Release|Any CPU
		{C8C93EFF-2E9D-4041-AEC2-B0DD23DFD6A5}.Release|Any CPU.Build.0 = Release|Any CPU
	EndGlobalSection
	GlobalSection(SolutionProperties) = preSolution
		HideSolutionNode = FALSE
	EndGlobalSection
	GlobalSection(NestedProjects) = preSolution
		{763079E7-5D9F-414B-840B-EA32A643A574} = {8A012DAB-CDFC-4E8A-8C06-30B46F603A63}
		{990F18F3-3813-4AD6-AB75-311AB3352C4A} = {A98E3CC2-DBFD-4817-A4BD-9E99D19EC337}
		{C8C93EFF-2E9D-4041-AEC2-B0DD23DFD6A5} = {A98E3CC2-DBFD-4817-A4BD-9E99D19EC337}
	EndGlobalSection
	GlobalSection(ExtensibilityGlobals) = postSolution
		SolutionGuid = {0119B596-5A41-4B14-8311-E79A51F67AB4}
	EndGlobalSection
EndGlobal
